
Microsoft Visual Studio Solution File, Format Version 12.00
# Visual Studio 15
VisualStudioVersion = 15.0.28307.421
MinimumVisualStudioVersion = 10.0.40219.1
Project("{FAE04EC0-301F-11D3-BF4B-00C04F79EFBC}") = "Telerik.Sitefinity.Translations.AzureTranslator", "Telerik.Sitefinity.Translations.AzureTranslator\Telerik.Sitefinity.Translations.AzureTranslator.csproj", "{9DD4E13B-0222-4A3F-9FA1-7EDFF084A45A}"
EndProject
Project("{FAE04EC0-301F-11D3-BF4B-00C04F79EFBC}") = "Telerik.Sitefinity.Translations.AzureTranslator.Tests", "AzureTranslator.Tests\Telerik.Sitefinity.Translations.AzureTranslator.Tests\Telerik.Sitefinity.Translations.AzureTranslator.Tests.csproj", "{39DBA353-CC7D-4D9D-A906-A1F386EAA6E4}"
EndProject
Project("{FAE04EC0-301F-11D3-BF4B-00C04F79EFBC}") = "Telerik.Sitefinity.Translations.AzureTranslator.IntegrationTests", "Telerik.Sitefinity.Translations.AzureTranslator.IntegrationTests\Telerik.Sitefinity.Translations.AzureTranslator.IntegrationTests.csproj", "{C7FFC631-2BBF-453F-B797-658D9AFA3623}"
EndProject
Global
	GlobalSection(SolutionConfigurationPlatforms) = preSolution
		Debug|Any CPU = Debug|Any CPU
		Release|Any CPU = Release|Any CPU
	EndGlobalSection
	GlobalSection(ProjectConfigurationPlatforms) = postSolution
		{9DD4E13B-0222-4A3F-9FA1-7EDFF084A45A}.Debug|Any CPU.ActiveCfg = Debug|Any CPU
		{9DD4E13B-0222-4A3F-9FA1-7EDFF084A45A}.Debug|Any CPU.Build.0 = Debug|Any CPU
		{9DD4E13B-0222-4A3F-9FA1-7EDFF084A45A}.Release|Any CPU.ActiveCfg = Release|Any CPU
		{9DD4E13B-0222-4A3F-9FA1-7EDFF084A45A}.Release|Any CPU.Build.0 = Release|Any CPU
		{39DBA353-CC7D-4D9D-A906-A1F386EAA6E4}.Debug|Any CPU.ActiveCfg = Debug|Any CPU
		{39DBA353-CC7D-4D9D-A906-A1F386EAA6E4}.Debug|Any CPU.Build.0 = Debug|Any CPU
		{39DBA353-CC7D-4D9D-A906-A1F386EAA6E4}.Release|Any CPU.ActiveCfg = Release|Any CPU
		{39DBA353-CC7D-4D9D-A906-A1F386EAA6E4}.Release|Any CPU.Build.0 = Release|Any CPU
		{C7FFC631-2BBF-453F-B797-658D9AFA3623}.Debug|Any CPU.ActiveCfg = Debug|Any CPU
		{C7FFC631-2BBF-453F-B797-658D9AFA3623}.Debug|Any CPU.Build.0 = Debug|Any CPU
		{C7FFC631-2BBF-453F-B797-658D9AFA3623}.Release|Any CPU.ActiveCfg = Release|Any CPU
		{C7FFC631-2BBF-453F-B797-658D9AFA3623}.Release|Any CPU.Build.0 = Release|Any CPU
	EndGlobalSection
	GlobalSection(SolutionProperties) = preSolution
		HideSolutionNode = FALSE
	EndGlobalSection
	GlobalSection(ExtensibilityGlobals) = postSolution
		SolutionGuid = {E5A7E1C9-12EA-4388-9D08-3F5BB316EDDF}
	EndGlobalSection
EndGlobal
